// !$*UTF8*$!
{
	archiveVersion = 1;
	classes = {
	};
	objectVersion = 50;
	objects = {

/* Begin PBXBuildFile section */
		AC663D8324BF5BED00589F73 /* AppDelegate.swift in Sources */ = {isa = PBXBuildFile; fileRef = AC663D8224BF5BED00589F73 /* AppDelegate.swift */; };
		AC663D8524BF5BED00589F73 /* SceneDelegate.swift in Sources */ = {isa = PBXBuildFile; fileRef = AC663D8424BF5BED00589F73 /* SceneDelegate.swift */; };
		AC663D8724BF5BED00589F73 /* WeatherViewController.swift in Sources */ = {isa = PBXBuildFile; fileRef = AC663D8624BF5BED00589F73 /* WeatherViewController.swift */; };
		AC663D8A24BF5BED00589F73 /* Main.storyboard in Resources */ = {isa = PBXBuildFile; fileRef = AC663D8824BF5BED00589F73 /* Main.storyboard */; };
		AC663D8C24BF5BEF00589F73 /* Assets.xcassets in Resources */ = {isa = PBXBuildFile; fileRef = AC663D8B24BF5BEF00589F73 /* Assets.xcassets */; };
		AC663D8F24BF5BEF00589F73 /* LaunchScreen.storyboard in Resources */ = {isa = PBXBuildFile; fileRef = AC663D8D24BF5BEF00589F73 /* LaunchScreen.storyboard */; };
		AC663D9A24BF5DAD00589F73 /* WeatherData.swift in Sources */ = {isa = PBXBuildFile; fileRef = AC663D9924BF5DAD00589F73 /* WeatherData.swift */; };
		AC663D9C24BF5DB700589F73 /* WeatherManager.swift in Sources */ = {isa = PBXBuildFile; fileRef = AC663D9B24BF5DB700589F73 /* WeatherManager.swift */; };
		AC663D9E24BF5DC000589F73 /* WeatherModel.swift in Sources */ = {isa = PBXBuildFile; fileRef = AC663D9D24BF5DC000589F73 /* WeatherModel.swift */; };
/* End PBXBuildFile section */

/* Begin PBXFileReference section */
		AC663D7F24BF5BED00589F73 /* WeatherApp.app */ = {isa = PBXFileReference; explicitFileType = wrapper.application; includeInIndex = 0; path = WeatherApp.app; sourceTree = BUILT_PRODUCTS_DIR; };
		AC663D8224BF5BED00589F73 /* AppDelegate.swift */ = {isa = PBXFileReference; lastKnownFileType = sourcecode.swift; path = AppDelegate.swift; sourceTree = "<group>"; };
		AC663D8424BF5BED00589F73 /* SceneDelegate.swift */ = {isa = PBXFileReference; lastKnownFileType = sourcecode.swift; path = SceneDelegate.swift; sourceTree = "<group>"; };
		AC663D8624BF5BED00589F73 /* WeatherViewController.swift */ = {isa = PBXFileReference; lastKnownFileType = sourcecode.swift; path = WeatherViewController.swift; sourceTree = "<group>"; };
		AC663D8924BF5BED00589F73 /* Base */ = {isa = PBXFileReference; lastKnownFileType = file.storyboard; name = Base; path = Base.lproj/Main.storyboard; sourceTree = "<group>"; };
		AC663D8B24BF5BEF00589F73 /* Assets.xcassets */ = {isa = PBXFileReference; lastKnownFileType = folder.assetcatalog; path = Assets.xcassets; sourceTree = "<group>"; };
		AC663D8E24BF5BEF00589F73 /* Base */ = {isa = PBXFileReference; lastKnownFileType = file.storyboard; name = Base; path = Base.lproj/LaunchScreen.storyboard; sourceTree = "<group>"; };
		AC663D9024BF5BEF00589F73 /* Info.plist */ = {isa = PBXFileReference; lastKnownFileType = text.plist.xml; path = Info.plist; sourceTree = "<group>"; };
		AC663D9924BF5DAD00589F73 /* WeatherData.swift */ = {isa = PBXFileReference; lastKnownFileType = sourcecode.swift; path = WeatherData.swift; sourceTree = "<group>"; };
		AC663D9B24BF5DB700589F73 /* WeatherManager.swift */ = {isa = PBXFileReference; lastKnownFileType = sourcecode.swift; path = WeatherManager.swift; sourceTree = "<group>"; };
		AC663D9D24BF5DC000589F73 /* WeatherModel.swift */ = {isa = PBXFileReference; lastKnownFileType = sourcecode.swift; path = WeatherModel.swift; sourceTree = "<group>"; };
/* End PBXFileReference section */

/* Begin PBXFrameworksBuildPhase section */
		AC663D7C24BF5BED00589F73 /* Frameworks */ = {
			isa = PBXFrameworksBuildPhase;
			buildActionMask = 2147483647;
			files = (
			);
			runOnlyForDeploymentPostprocessing = 0;
		};
/* End PBXFrameworksBuildPhase section */

/* Begin PBXGroup section */
		AC663D7624BF5BED00589F73 = {
			isa = PBXGroup;
			children = (
				AC663D8124BF5BED00589F73 /* WeatherApp */,
				AC663D8024BF5BED00589F73 /* Products */,
			);
			sourceTree = "<group>";
		};
		AC663D8024BF5BED00589F73 /* Products */ = {
			isa = PBXGroup;
			children = (
				AC663D7F24BF5BED00589F73 /* WeatherApp.app */,
			);
			name = Products;
			sourceTree = "<group>";
		};
		AC663D8124BF5BED00589F73 /* WeatherApp */ = {
			isa = PBXGroup;
			children = (
				AC663D8224BF5BED00589F73 /* AppDelegate.swift */,
				AC663D8424BF5BED00589F73 /* SceneDelegate.swift */,
				AC663D9624BF5C5400589F73 /* Model */,
				AC663D9724BF5C6500589F73 /* Controller */,
				AC663D9824BF5C7000589F73 /* View */,
				AC663D8B24BF5BEF00589F73 /* Assets.xcassets */,
				AC663D8D24BF5BEF00589F73 /* LaunchScreen.storyboard */,
				AC663D9024BF5BEF00589F73 /* Info.plist */,
			);
			path = WeatherApp;
			sourceTree = "<group>";
		};
		AC663D9624BF5C5400589F73 /* Model */ = {
			isa = PBXGroup;
			children = (
				AC663D9924BF5DAD00589F73 /* WeatherData.swift */,
				AC663D9B24BF5DB700589F73 /* WeatherManager.swift */,
				AC663D9D24BF5DC000589F73 /* WeatherModel.swift */,
			);
			path = Model;
			sourceTree = "<group>";
		};
		AC663D9724BF5C6500589F73 /* Controller */ = {
			isa = PBXGroup;
			children = (
				AC663D8624BF5BED00589F73 /* WeatherViewController.swift */,
			);
			path = Controller;
			sourceTree = "<group>";
		};
		AC663D9824BF5C7000589F73 /* View */ = {
			isa = PBXGroup;
			children = (
				AC663D8824BF5BED00589F73 /* Main.storyboard */,
			);
			path = View;
			sourceTree = "<group>";
		};
/* End PBXGroup section */

/* Begin PBXNativeTarget section */
		AC663D7E24BF5BED00589F73 /* WeatherApp */ = {
			isa = PBXNativeTarget;
			buildConfigurationList = AC663D9324BF5BEF00589F73 /* Build configuration list for PBXNativeTarget "WeatherApp" */;
			buildPhases = (
				AC663D7B24BF5BED00589F73 /* Sources */,
				AC663D7C24BF5BED00589F73 /* Frameworks */,
				AC663D7D24BF5BED00589F73 /* Resources */,
			);
			buildRules = (
			);
			dependencies = (
			);
			name = WeatherApp;
			productName = WeatherApp;
			productReference = AC663D7F24BF5BED00589F73 /* WeatherApp.app */;
			productType = "com.apple.product-type.application";
		};
/* End PBXNativeTarget section */

/* Begin PBXProject section */
		AC663D7724BF5BED00589F73 /* Project object */ = {
			isa = PBXProject;
			attributes = {
				LastSwiftUpdateCheck = 1140;
				LastUpgradeCheck = 1140;
				ORGANIZATIONNAME = "Artem Mazur";
				TargetAttributes = {
					AC663D7E24BF5BED00589F73 = {
						CreatedOnToolsVersion = 11.4.1;
					};
				};
			};
			buildConfigurationList = AC663D7A24BF5BED00589F73 /* Build configuration list for PBXProject "WeatherApp" */;
			compatibilityVersion = "Xcode 9.3";
			developmentRegion = en;
			hasScannedForEncodings = 0;
			knownRegions = (
				en,
				Base,
			);
			mainGroup = AC663D7624BF5BED00589F73;
			productRefGroup = AC663D8024BF5BED00589F73 /* Products */;
			projectDirPath = "";
			projectRoot = "";
			targets = (
				AC663D7E24BF5BED00589F73 /* WeatherApp */,
			);
		};
/* End PBXProject section */

/* Begin PBXResourcesBuildPhase section */
		AC663D7D24BF5BED00589F73 /* Resources */ = {
			isa = PBXResourcesBuildPhase;
			buildActionMask = 2147483647;
			files = (
				AC663D8F24BF5BEF00589F73 /* LaunchScreen.storyboard in Resources */,
				AC663D8C24BF5BEF00589F73 /* Assets.xcassets in Resources */,
				AC663D8A24BF5BED00589F73 /* Main.storyboard in Resources */,
			);
			runOnlyForDeploymentPostprocessing = 0;
		};
/* End PBXResourcesBuildPhase section */

/* Begin PBXSourcesBuildPhase section */
		AC663D7B24BF5BED00589F73 /* Sources */ = {
			isa = PBXSourcesBuildPhase;
			buildActionMask = 2147483647;
			files = (
				AC663D8724BF5BED00589F73 /* WeatherViewController.swift in Sources */,
				AC663D8324BF5BED00589F73 /* AppDelegate.swift in Sources */,
				AC663D9C24BF5DB700589F73 /* WeatherManager.swift in Sources */,
				AC663D9A24BF5DAD00589F73 /* WeatherData.swift in Sources */,
				AC663D9E24BF5DC000589F73 /* WeatherModel.swift in Sources */,
				AC663D8524BF5BED00589F73 /* SceneDelegate.swift in Sources */,
			);
			runOnlyForDeploymentPostprocessing = 0;
		};
/* End PBXSourcesBuildPhase section */

/* Begin PBXVariantGroup section */
		AC663D8824BF5BED00589F73 /* Main.storyboard */ = {
			isa = PBXVariantGroup;
			children = (
				AC663D8924BF5BED00589F73 /* Base */,
			);
			name = Main.storyboard;
			sourceTree = "<group>";
		};
		AC663D8D24BF5BEF00589F73 /* LaunchScreen.storyboard */ = {
			isa = PBXVariantGroup;
			children = (
				AC663D8E24BF5BEF00589F73 /* Base */,
			);
			name = LaunchScreen.storyboard;
			sourceTree = "<group>";
		};
/* End PBXVariantGroup section */

/* Begin XCBuildConfiguration section */
		AC663D9124BF5BEF00589F73 /* Debug */ = {
			isa = XCBuildConfiguration;
			buildSettings = {
				ALWAYS_SEARCH_USER_PATHS = NO;
				CLANG_ANALYZER_NONNULL = YES;
				CLANG_ANALYZER_NUMBER_OBJECT_CONVERSION = YES_AGGRESSIVE;
				CLANG_CXX_LANGUAGE_STANDARD = "gnu++14";
				CLANG_CXX_LIBRARY = "libc++";
				CLANG_ENABLE_MODULES = YES;
				CLANG_ENABLE_OBJC_ARC = YES;
				CLANG_ENABLE_OBJC_WEAK = YES;
				CLANG_WARN_BLOCK_CAPTURE_AUTORELEASING = YES;
				CLANG_WARN_BOOL_CONVERSION = YES;
				CLANG_WARN_COMMA = YES;
				CLANG_WARN_CONSTANT_CONVERSION = YES;
				CLANG_WARN_DEPRECATED_OBJC_IMPLEMENTATIONS = YES;
				CLANG_WARN_DIRECT_OBJC_ISA_USAGE = YES_ERROR;
				CLANG_WARN_DOCUMENTATION_COMMENTS = YES;
				CLANG_WARN_EMPTY_BODY = YES;
				CLANG_WARN_ENUM_CONVERSION = YES;
				CLANG_WARN_INFINITE_RECURSION = YES;
				CLANG_WARN_INT_CONVERSION = YES;
				CLANG_WARN_NON_LITERAL_NULL_CONVERSION = YES;
				CLANG_WARN_OBJC_IMPLICIT_RETAIN_SELF = YES;
				CLANG_WARN_OBJC_LITERAL_CONVERSION = YES;
				CLANG_WARN_OBJC_ROOT_CLASS = YES_ERROR;
				CLANG_WARN_RANGE_LOOP_ANALYSIS = YES;
				CLANG_WARN_STRICT_PROTOTYPES = YES;
				CLANG_WARN_SUSPICIOUS_MOVE = YES;
				CLANG_WARN_UNGUARDED_AVAILABILITY = YES_AGGRESSIVE;
				CLANG_WARN_UNREACHABLE_CODE = YES;
				CLANG_WARN__DUPLICATE_METHOD_MATCH = YES;
				COPY_PHASE_STRIP = NO;
				DEBUG_INFORMATION_FORMAT = dwarf;
				ENABLE_STRICT_OBJC_MSGSEND = YES;
				ENABLE_TESTABILITY = YES;
				GCC_C_LANGUAGE_STANDARD = gnu11;
				GCC_DYNAMIC_NO_PIC = NO;
				GCC_NO_COMMON_BLOCKS = YES;
				GCC_OPTIMIZATION_LEVEL = 0;
				GCC_PREPROCESSOR_DEFINITIONS = (
					"DEBUG=1",
					"$(inherited)",
				);
				GCC_WARN_64_TO_32_BIT_CONVERSION = YES;
				GCC_WARN_ABOUT_RETURN_TYPE = YES_ERROR;
				GCC_WARN_UNDECLARED_SELECTOR = YES;
				GCC_WARN_UNINITIALIZED_AUTOS = YES_AGGRESSIVE;
				GCC_WARN_UNUSED_FUNCTION = YES;
				GCC_WARN_UNUSED_VARIABLE = YES;
				IPHONEOS_DEPLOYMENT_TARGET = 13.4;
				MTL_ENABLE_DEBUG_INFO = INCLUDE_SOURCE;
				MTL_FAST_MATH = YES;
				ONLY_ACTIVE_ARCH = YES;
				SDKROOT = iphoneos;
				SWIFT_ACTIVE_COMPILATION_CONDITIONS = DEBUG;
				SWIFT_OPTIMIZATION_LEVEL = "-Onone";
			};
			name = Debug;
		};
		AC663D9224BF5BEF00589F73 /* Release */ = {
			isa = XCBuildConfiguration;
			buildSettings = {
				ALWAYS_SEARCH_USER_PATHS = NO;
				CLANG_ANALYZER_NONNULL = YES;
				CLANG_ANALYZER_NUMBER_OBJECT_CONVERSION = YES_AGGRESSIVE;
				CLANG_CXX_LANGUAGE_STANDARD = "gnu++14";
				CLANG_CXX_LIBRARY = "libc++";
				CLANG_ENABLE_MODULES = YES;
				CLANG_ENABLE_OBJC_ARC = YES;
				CLANG_ENABLE_OBJC_WEAK = YES;
				CLANG_WARN_BLOCK_CAPTURE_AUTORELEASING = YES;
				CLANG_WARN_BOOL_CONVERSION = YES;
				CLANG_WARN_COMMA = YES;
				CLANG_WARN_CONSTANT_CONVERSION = YES;
				CLANG_WARN_DEPRECATED_OBJC_IMPLEMENTATIONS = YES;
				CLANG_WARN_DIRECT_OBJC_ISA_USAGE = YES_ERROR;
				CLANG_WARN_DOCUMENTATION_COMMENTS = YES;
				CLANG_WARN_EMPTY_BODY = YES;
				CLANG_WARN_ENUM_CONVERSION = YES;
				CLANG_WARN_INFINITE_RECURSION = YES;
				CLANG_WARN_INT_CONVERSION = YES;
				CLANG_WARN_NON_LITERAL_NULL_CONVERSION = YES;
				CLANG_WARN_OBJC_IMPLICIT_RETAIN_SELF = YES;
				CLANG_WARN_OBJC_LITERAL_CONVERSION = YES;
				CLANG_WARN_OBJC_ROOT_CLASS = YES_ERROR;
				CLANG_WARN_RANGE_LOOP_ANALYSIS = YES;
				CLANG_WARN_STRICT_PROTOTYPES = YES;
				CLANG_WARN_SUSPICIOUS_MOVE = YES;
				CLANG_WARN_UNGUARDED_AVAILABILITY = YES_AGGRESSIVE;
				CLANG_WARN_UNREACHABLE_CODE = YES;
				CLANG_WARN__DUPLICATE_METHOD_MATCH = YES;
				COPY_PHASE_STRIP = NO;
				DEBUG_INFORMATION_FORMAT = "dwarf-with-dsym";
				ENABLE_NS_ASSERTIONS = NO;
				ENABLE_STRICT_OBJC_MSGSEND = YES;
				GCC_C_LANGUAGE_STANDARD = gnu11;
				GCC_NO_COMMON_BLOCKS = YES;
				GCC_WARN_64_TO_32_BIT_CONVERSION = YES;
				GCC_WARN_ABOUT_RETURN_TYPE = YES_ERROR;
				GCC_WARN_UNDECLARED_SELECTOR = YES;
				GCC_WARN_UNINITIALIZED_AUTOS = YES_AGGRESSIVE;
				GCC_WARN_UNUSED_FUNCTION = YES;
				GCC_WARN_UNUSED_VARIABLE = YES;
				IPHONEOS_DEPLOYMENT_TARGET = 13.4;
				MTL_ENABLE_DEBUG_INFO = NO;
				MTL_FAST_MATH = YES;
				SDKROOT = iphoneos;
				SWIFT_COMPILATION_MODE = wholemodule;
				SWIFT_OPTIMIZATION_LEVEL = "-O";
				VALIDATE_PRODUCT = YES;
			};
			name = Release;
		};
		AC663D9424BF5BEF00589F73 /* Debug */ = {
			isa = XCBuildConfiguration;
			buildSettings = {
				ASSETCATALOG_COMPILER_APPICON_NAME = AppIcon;
				CODE_SIGN_STYLE = Automatic;
				DEVELOPMENT_TEAM = XT5Z3VRXGL;
				INFOPLIST_FILE = WeatherApp/Info.plist;
				IPHONEOS_DEPLOYMENT_TARGET = 12.4;
				LD_RUNPATH_SEARCH_PATHS = (
					"$(inherited)",
					"@executable_path/Frameworks",
				);
				PRODUCT_BUNDLE_IDENTIFIER = com.ArtemMazur.WeatherApp;
				PRODUCT_NAME = "$(TARGET_NAME)";
				SWIFT_VERSION = 5.0;
				TARGETED_DEVICE_FAMILY = "1,2";
			};
			name = Debug;
		};
		AC663D9524BF5BEF00589F73 /* Release */ = {
			isa = XCBuildConfiguration;
			buildSettings = {
				ASSETCATALOG_COMPILER_APPICON_NAME = AppIcon;
				CODE_SIGN_STYLE = Automatic;
				DEVELOPMENT_TEAM = XT5Z3VRXGL;
				INFOPLIST_FILE = WeatherApp/Info.plist;
				IPHONEOS_DEPLOYMENT_TARGET = 12.4;
				LD_RUNPATH_SEARCH_PATHS = (
					"$(inherited)",
					"@executable_path/Frameworks",
				);
				PRODUCT_BUNDLE_IDENTIFIER = com.ArtemMazur.WeatherApp;
				PRODUCT_NAME = "$(TARGET_NAME)";
				SWIFT_VERSION = 5.0;
				TARGETED_DEVICE_FAMILY = "1,2";
			};
			name = Release;
		};
/* End XCBuildConfiguration section */

/* Begin XCConfigurationList section */
		AC663D7A24BF5BED00589F73 /* Build configuration list for PBXProject "WeatherApp" */ = {
			isa = XCConfigurationList;
			buildConfigurations = (
				AC663D9124BF5BEF00589F73 /* Debug */,
				AC663D9224BF5BEF00589F73 /* Release */,
			);
			defaultConfigurationIsVisible = 0;
			defaultConfigurationName = Release;
		};
		AC663D9324BF5BEF00589F73 /* Build configuration list for PBXNativeTarget "WeatherApp" */ = {
			isa = XCConfigurationList;
			buildConfigurations = (
				AC663D9424BF5BEF00589F73 /* Debug */,
				AC663D9524BF5BEF00589F73 /* Release */,
			);
			defaultConfigurationIsVisible = 0;
			defaultConfigurationName = Release;
		};
/* End XCConfigurationList section */
	};
	rootObject = AC663D7724BF5BED00589F73 /* Project object */;
}
